Microsoft Visual Studio Solution File, Format Version 11.00
# Visual Studio 2008

Project("{DE6B59E5-F292-A9DC-F2DB-9BD1246666C8}") = "starwars3D", "Assembly-CSharp.csproj", "{4637C87D-5D40-5C20-3F93-2959C6010768}"
EndProject
Project("{DE6B59E5-F292-A9DC-F2DB-9BD1246666C8}") = "starwars3D", "Assembly-CSharp-Editor.csproj", "{A8157DFD-4431-8C92-554A-CADF488CE333}"
EndProject
Global
	GlobalSection(SolutionConfigurationPlatforms) = preSolution
		Debug|Any CPU = Debug|Any CPU
		Release|Any CPU = Release|Any CPU
	EndGlobalSection
	GlobalSection(ProjectConfigurationPlatforms) = postSolution
		{4637C87D-5D40-5C20-3F93-2959C6010768}.Debug|Any CPU.ActiveCfg = Debug|Any CPU
		{4637C87D-5D40-5C20-3F93-2959C6010768}.Debug|Any CPU.Build.0 = Debug|Any CPU
		{4637C87D-5D40-5C20-3F93-2959C6010768}.Release|Any CPU.ActiveCfg = Release|Any CPU
		{4637C87D-5D40-5C20-3F93-2959C6010768}.Release|Any CPU.Build.0 = Release|Any CPU
		{A8157DFD-4431-8C92-554A-CADF488CE333}.Debug|Any CPU.ActiveCfg = Debug|Any CPU
		{A8157DFD-4431-8C92-554A-CADF488CE333}.Debug|Any CPU.Build.0 = Debug|Any CPU
		{A8157DFD-4431-8C92-554A-CADF488CE333}.Release|Any CPU.ActiveCfg = Release|Any CPU
		{A8157DFD-4431-8C92-554A-CADF488CE333}.Release|Any CPU.Build.0 = Release|Any CPU
	EndGlobalSection
	GlobalSection(SolutionProperties) = preSolution
		HideSolutionNode = FALSE
	EndGlobalSection
	GlobalSection(MonoDevelopProperties) = preSolution
		StartupItem = Assembly-CSharp.csproj
	EndGlobalSection
EndGlobal
